
Microsoft Visual Studio Solution File, Format Version 12.00
# Visual Studio Version 17
VisualStudioVersion = 17.0.31919.166
MinimumVisualStudioVersion = 10.0.40219.1
Project("{2150E333-8FDC-42A3-9474-1A3956D46DE8}") = "Common", "Common", "{C7F348CF-F2F2-40C1-8B7D-25648C8B765F}"
EndProject
Project("{2150E333-8FDC-42A3-9474-1A3956D46DE8}") = "Core", "Core", "{C79FB67C-75E4-49EE-BF72-FCA5952CDF29}"
EndProject
Project("{2150E333-8FDC-42A3-9474-1A3956D46DE8}") = "Infrastructure", "Infrastructure", "{2CB9357F-F5E2-4888-AA3B-9810259DC49E}"
EndProject
Project("{2150E333-8FDC-42A3-9474-1A3956D46DE8}") = "Web", "Web", "{3863B7FE-7366-4ACB-9548-94BF0214A936}"
EndProject
Project("{2150E333-8FDC-42A3-9474-1A3956D46DE8}") = "Tests", "Tests", "{B592B98A-7A8E-4B80-8D99-E6539EDEDAA1}"
EndProject
Project("{2150E333-8FDC-42A3-9474-1A3956D46DE8}") = "src", "src", "{1B05B306-0BC8-4845-A738-13A762B52B5B}"
EndProject
Project("{9A19103F-16F7-4668-BE54-9A1E7A4F7556}") = "CleanArc.Common", "CleanArc.Common\CleanArc.Common.csproj", "{B3B6CF49-9EFA-48AF-B037-96DD893F92A8}"
EndProject
Project("{9A19103F-16F7-4668-BE54-9A1E7A4F7556}") = "CleanArc.Application", "CleanArc.Application\CleanArc.Application.csproj", "{BB372464-4B12-44F5-AE70-5D3720E1CD8A}"
EndProject
Project("{9A19103F-16F7-4668-BE54-9A1E7A4F7556}") = "CleanArc.Domain", "CleanArc.Domain\CleanArc.Domain.csproj", "{9D23E702-BC66-4471-B5DF-E5F6A639285B}"
EndProject
Project("{9A19103F-16F7-4668-BE54-9A1E7A4F7556}") = "CleanArc.Infrastructure", "CleanArc.Infrastructure\CleanArc.Infrastructure.csproj", "{CDD4A287-BDBE-438F-8B01-4CED416603BA}"
EndProject
Project("{9A19103F-16F7-4668-BE54-9A1E7A4F7556}") = "CleanArc.PersisCleanArcce", "CleanArc.Persistance\CleanArc.Persistance.csproj", "{B483C5AC-89AD-4E58-9F98-061D9CD17A46}"
EndProject
Project("{9A19103F-16F7-4668-BE54-9A1E7A4F7556}") = "CleanArc.WebUI", "CleanArc.WebUI\CleanArc.WebUI.csproj", "{0442AB26-CC98-4DB8-836B-39611B0CBE29}"
EndProject
Global
	GlobalSection(SolutionConfigurationPlatforms) = preSolution
		Debug|Any CPU = Debug|Any CPU
		Release|Any CPU = Release|Any CPU
	EndGlobalSection
	GlobalSection(ProjectConfigurationPlatforms) = postSolution
		{B3B6CF49-9EFA-48AF-B037-96DD893F92A8}.Debug|Any CPU.ActiveCfg = Debug|Any CPU
		{B3B6CF49-9EFA-48AF-B037-96DD893F92A8}.Debug|Any CPU.Build.0 = Debug|Any CPU
		{B3B6CF49-9EFA-48AF-B037-96DD893F92A8}.Release|Any CPU.ActiveCfg = Release|Any CPU
		{B3B6CF49-9EFA-48AF-B037-96DD893F92A8}.Release|Any CPU.Build.0 = Release|Any CPU
		{BB372464-4B12-44F5-AE70-5D3720E1CD8A}.Debug|Any CPU.ActiveCfg = Debug|Any CPU
		{BB372464-4B12-44F5-AE70-5D3720E1CD8A}.Debug|Any CPU.Build.0 = Debug|Any CPU
		{BB372464-4B12-44F5-AE70-5D3720E1CD8A}.Release|Any CPU.ActiveCfg = Release|Any CPU
		{BB372464-4B12-44F5-AE70-5D3720E1CD8A}.Release|Any CPU.Build.0 = Release|Any CPU
		{9D23E702-BC66-4471-B5DF-E5F6A639285B}.Debug|Any CPU.ActiveCfg = Debug|Any CPU
		{9D23E702-BC66-4471-B5DF-E5F6A639285B}.Debug|Any CPU.Build.0 = Debug|Any CPU
		{9D23E702-BC66-4471-B5DF-E5F6A639285B}.Release|Any CPU.ActiveCfg = Release|Any CPU
		{9D23E702-BC66-4471-B5DF-E5F6A639285B}.Release|Any CPU.Build.0 = Release|Any CPU
		{CDD4A287-BDBE-438F-8B01-4CED416603BA}.Debug|Any CPU.ActiveCfg = Debug|Any CPU
		{CDD4A287-BDBE-438F-8B01-4CED416603BA}.Debug|Any CPU.Build.0 = Debug|Any CPU
		{CDD4A287-BDBE-438F-8B01-4CED416603BA}.Release|Any CPU.ActiveCfg = Release|Any CPU
		{CDD4A287-BDBE-438F-8B01-4CED416603BA}.Release|Any CPU.Build.0 = Release|Any CPU
		{B483C5AC-89AD-4E58-9F98-061D9CD17A46}.Debug|Any CPU.ActiveCfg = Debug|Any CPU
		{B483C5AC-89AD-4E58-9F98-061D9CD17A46}.Debug|Any CPU.Build.0 = Debug|Any CPU
		{B483C5AC-89AD-4E58-9F98-061D9CD17A46}.Release|Any CPU.ActiveCfg = Release|Any CPU
		{B483C5AC-89AD-4E58-9F98-061D9CD17A46}.Release|Any CPU.Build.0 = Release|Any CPU
		{0442AB26-CC98-4DB8-836B-39611B0CBE29}.Debug|Any CPU.ActiveCfg = Debug|Any CPU
		{0442AB26-CC98-4DB8-836B-39611B0CBE29}.Debug|Any CPU.Build.0 = Debug|Any CPU
		{0442AB26-CC98-4DB8-836B-39611B0CBE29}.Release|Any CPU.ActiveCfg = Release|Any CPU
		{0442AB26-CC98-4DB8-836B-39611B0CBE29}.Release|Any CPU.Build.0 = Release|Any CPU
	EndGlobalSection
	GlobalSection(SolutionProperties) = preSolution
		HideSolutionNode = FALSE
	EndGlobalSection
	GlobalSection(NestedProjects) = preSolution
		{C7F348CF-F2F2-40C1-8B7D-25648C8B765F} = {1B05B306-0BC8-4845-A738-13A762B52B5B}
		{C79FB67C-75E4-49EE-BF72-FCA5952CDF29} = {1B05B306-0BC8-4845-A738-13A762B52B5B}
		{2CB9357F-F5E2-4888-AA3B-9810259DC49E} = {1B05B306-0BC8-4845-A738-13A762B52B5B}
		{3863B7FE-7366-4ACB-9548-94BF0214A936} = {1B05B306-0BC8-4845-A738-13A762B52B5B}
		{B3B6CF49-9EFA-48AF-B037-96DD893F92A8} = {C7F348CF-F2F2-40C1-8B7D-25648C8B765F}
		{BB372464-4B12-44F5-AE70-5D3720E1CD8A} = {C79FB67C-75E4-49EE-BF72-FCA5952CDF29}
		{9D23E702-BC66-4471-B5DF-E5F6A639285B} = {C79FB67C-75E4-49EE-BF72-FCA5952CDF29}
		{CDD4A287-BDBE-438F-8B01-4CED416603BA} = {2CB9357F-F5E2-4888-AA3B-9810259DC49E}
		{B483C5AC-89AD-4E58-9F98-061D9CD17A46} = {2CB9357F-F5E2-4888-AA3B-9810259DC49E}
		{0442AB26-CC98-4DB8-836B-39611B0CBE29} = {3863B7FE-7366-4ACB-9548-94BF0214A936}
	EndGlobalSection
	GlobalSection(ExtensibilityGlobals) = postSolution
		SolutionGuid = {29DA07A9-978B-4B70-A4C9-1CE67C2DF3C4}
	EndGlobalSection
EndGlobal
